{
  "lockfile_version": "1",
  "packages": {
    "age@1.1.1": {
      "last_modified": "2024-03-22T11:26:23Z",
      "resolved": "github:NixOS/nixpkgs/a3ed7406349a9335cb4c2a71369b697cecd9d351#age",
      "source": "devbox-search",
      "version": "1.1.1",
      "systems": {
        "aarch64-darwin": {
          "outputs": [
            {
              "name": "out",
              "path": "/nix/store/32dri4ci4814zwknmchg9ssfi2q365b1-age-1.1.1",
              "default": true
            }
          ],
          "store_path": "/nix/store/32dri4ci4814zwknmchg9ssfi2q365b1-age-1.1.1"
        },
        "aarch64-linux": {
          "outputs": [
            {
              "name": "out",
              "path": "/nix/store/nfwplyl47hnvdip23yabj8azv2l2zdmi-age-1.1.1",
              "default": true
            }
          ],
          "store_path": "/nix/store/nfwplyl47hnvdip23yabj8azv2l2zdmi-age-1.1.1"
        },
        "x86_64-darwin": {
          "outputs": [
            {
              "name": "out",
              "path": "/nix/store/a1b6gb6wvfs3y9x6q6bjba7csi2llxnm-age-1.1.1",
              "default": true
            }
          ],
          "store_path": "/nix/store/a1b6gb6wvfs3y9x6q6bjba7csi2llxnm-age-1.1.1"
        },
        "x86_64-linux": {
          "outputs": [
            {
              "name": "out",
              "path": "/nix/store/zlq5g7gnj0p6pc2q4mnclpx82qpc3pbc-age-1.1.1",
              "default": true
            }
          ],
          "store_path": "/nix/store/zlq5g7gnj0p6pc2q4mnclpx82qpc3pbc-age-1.1.1"
        }
      }
    },
    "arkade@0.11.6": {
      "last_modified": "2024-04-01T22:53:36-04:00",
      "resolved": "github:NixOS/nixpkgs/080a4a27f206d07724b88da096e27ef63401a504#arkade",
      "source": "devbox-search",
      "version": "0.11.6",
      "systems": {
        "aarch64-darwin": {
          "outputs": [
            {
              "name": "out",
              "path": "/nix/store/1m61zxj59839s66vlmwm29b44zd6zqqx-arkade-0.11.6",
              "default": true
            }
          ],
          "store_path": "/nix/store/1m61zxj59839s66vlmwm29b44zd6zqqx-arkade-0.11.6"
        },
        "aarch64-linux": {
          "outputs": [
            {
              "name": "out",
              "path": "/nix/store/gmmi6yn9p54jqchpmip4hj7ldyf4zf9g-arkade-0.11.6",
              "default": true
            }
          ],
          "store_path": "/nix/store/gmmi6yn9p54jqchpmip4hj7ldyf4zf9g-arkade-0.11.6"
        },
        "x86_64-darwin": {
          "outputs": [
            {
              "name": "out",
              "path": "/nix/store/0l89h0c3f9y44ip64f0rh8fgdj3rrl4d-arkade-0.11.6",
              "default": true
            }
          ],
          "store_path": "/nix/store/0l89h0c3f9y44ip64f0rh8fgdj3rrl4d-arkade-0.11.6"
        },
        "x86_64-linux": {
          "outputs": [
            {
              "name": "out",
              "path": "/nix/store/dakm5abx1d60v7ric6bh7lr3dhss3sx6-arkade-0.11.6",
              "default": true
            }
          ],
          "store_path": "/nix/store/dakm5abx1d60v7ric6bh7lr3dhss3sx6-arkade-0.11.6"
        }
      }
    },
    "fluxcd@2.2.3": {
      "last_modified": "2024-03-22T11:26:23Z",
      "resolved": "github:NixOS/nixpkgs/a3ed7406349a9335cb4c2a71369b697cecd9d351#fluxcd",
      "source": "devbox-search",
      "version": "2.2.3",
      "systems": {
        "aarch64-darwin": {
          "outputs": [
            {
              "name": "out",
              "path": "/nix/store/jp2gkv1fi0v1hv1344smszzmq7zcn23p-fluxcd-2.2.3",
              "default": true
            }
          ],
          "store_path": "/nix/store/jp2gkv1fi0v1hv1344smszzmq7zcn23p-fluxcd-2.2.3"
        },
        "aarch64-linux": {
          "outputs": [
            {
              "name": "out",
              "path": "/nix/store/6cnv3138ma6hznxlbimjkbc2y4dc6xc1-fluxcd-2.2.3",
              "default": true
            }
          ],
          "store_path": "/nix/store/6cnv3138ma6hznxlbimjkbc2y4dc6xc1-fluxcd-2.2.3"
        },
        "x86_64-darwin": {
          "outputs": [
            {
              "name": "out",
              "path": "/nix/store/rhacpalg7gah992q0kl2i2pvlvi9693i-fluxcd-2.2.3",
              "default": true
            }
          ],
          "store_path": "/nix/store/rhacpalg7gah992q0kl2i2pvlvi9693i-fluxcd-2.2.3"
        },
        "x86_64-linux": {
          "outputs": [
            {
              "name": "out",
              "path": "/nix/store/k97xgp0g1kg7wa13mx37anammmvkpixd-fluxcd-2.2.3",
              "default": true
            }
          ],
          "store_path": "/nix/store/k97xgp0g1kg7wa13mx37anammmvkpixd-fluxcd-2.2.3"
        }
      }
    },
    "fzf@0.47.0": {
      "last_modified": "2024-03-22T11:26:23Z",
      "resolved": "github:NixOS/nixpkgs/a3ed7406349a9335cb4c2a71369b697cecd9d351#fzf",
      "source": "devbox-search",
      "version": "0.47.0",
      "systems": {
        "aarch64-darwin": {
          "outputs": [
            {
              "name": "out",
              "path": "/nix/store/cn6nshsmqzrdbc4jki72m53k9qwaaivl-fzf-0.47.0",
              "default": true
            },
            {
              "name": "man",
              "path": "/nix/store/y5fjfar2bq69kldlgxdd5s6jnz59c6j6-fzf-0.47.0-man",
              "default": true
            }
          ],
          "store_path": "/nix/store/cn6nshsmqzrdbc4jki72m53k9qwaaivl-fzf-0.47.0"
        },
        "aarch64-linux": {
          "outputs": [
            {
              "name": "out",
              "path": "/nix/store/25y0sgjf24q1nlhksr34kz3f6g3sf4fy-fzf-0.47.0",
              "default": true
            },
            {
              "name": "man",
              "path": "/nix/store/ykx7qqb9hm3yw9alppa9p4rp7p454pz8-fzf-0.47.0-man",
              "default": true
            }
          ],
          "store_path": "/nix/store/25y0sgjf24q1nlhksr34kz3f6g3sf4fy-fzf-0.47.0"
        },
        "x86_64-darwin": {
          "outputs": [
            {
              "name": "out",
              "path": "/nix/store/j0kk5xnrzdffq32idj450i98c8qkyyfd-fzf-0.47.0",
              "default": true
            },
            {
              "name": "man",
              "path": "/nix/store/2wjmbkpdxznhi0v1qh3zx9blm8rxix7i-fzf-0.47.0-man",
              "default": true
            }
          ],
          "store_path": "/nix/store/j0kk5xnrzdffq32idj450i98c8qkyyfd-fzf-0.47.0"
        },
        "x86_64-linux": {
          "outputs": [
            {
              "name": "out",
              "path": "/nix/store/sif8a7y7p7r7wxpww2inxfrckni69c1a-fzf-0.47.0",
              "default": true
            },
            {
              "name": "man",
              "path": "/nix/store/gdfkzjik3a2pbz9y3zn2a8w8szaay67c-fzf-0.47.0-man",
              "default": true
            }
          ],
          "store_path": "/nix/store/sif8a7y7p7r7wxpww2inxfrckni69c1a-fzf-0.47.0"
        }
      }
    },
    "gh@2.46.0": {
      "last_modified": "2024-03-22T11:26:23Z",
      "resolved": "github:NixOS/nixpkgs/a3ed7406349a9335cb4c2a71369b697cecd9d351#gh",
      "source": "devbox-search",
      "version": "2.46.0",
      "systems": {
        "aarch64-darwin": {
          "outputs": [
            {
              "name": "out",
              "path": "/nix/store/lxz3z6qdrkszz8v5xp77xa20cv8q7fdj-gh-2.46.0",
              "default": true
            }
          ],
          "store_path": "/nix/store/lxz3z6qdrkszz8v5xp77xa20cv8q7fdj-gh-2.46.0"
        },
        "aarch64-linux": {
          "outputs": [
            {
              "name": "out",
              "path": "/nix/store/71ckv4vlahg0h5xrc384n1rh9f92kn7k-gh-2.46.0",
              "default": true
            }
          ],
          "store_path": "/nix/store/71ckv4vlahg0h5xrc384n1rh9f92kn7k-gh-2.46.0"
        },
        "x86_64-darwin": {
          "outputs": [
            {
              "name": "out",
              "path": "/nix/store/jfhaync1xvyigrk0gg3x5i6wqnabpbwy-gh-2.46.0",
              "default": true
            }
          ],
          "store_path": "/nix/store/jfhaync1xvyigrk0gg3x5i6wqnabpbwy-gh-2.46.0"
        },
        "x86_64-linux": {
          "outputs": [
            {
              "name": "out",
              "path": "/nix/store/pbz07yhi7rfr677b4jy97zvajmkpxyk2-gh-2.46.0",
              "default": true
            }
          ],
          "store_path": "/nix/store/pbz07yhi7rfr677b4jy97zvajmkpxyk2-gh-2.46.0"
        }
      }
    },
    "git@2.44.0": {
      "last_modified": "2024-03-22T07:26:23-04:00",
      "resolved": "github:NixOS/nixpkgs/a3ed7406349a9335cb4c2a71369b697cecd9d351#git",
      "source": "devbox-search",
      "version": "2.44.0",
      "systems": {
        "aarch64-darwin": {
          "outputs": [
            {
              "name": "out",
              "path": "/nix/store/yrd3xalm6j7pnk55h3xpj91bqdlm33bl-git-2.44.0",
              "default": true
            },
            {
              "name": "doc",
              "path": "/nix/store/asyphwn703dr4825na1gvxkxg8imqba2-git-2.44.0-doc"
            }
          ],
          "store_path": "/nix/store/yrd3xalm6j7pnk55h3xpj91bqdlm33bl-git-2.44.0"
        },
        "aarch64-linux": {
          "outputs": [
            {
              "name": "out",
              "path": "/nix/store/3y08c4f6nkzz6q4hd3rrm21sdqygm1ha-git-2.44.0",
              "default": true
            },
            {
              "name": "debug",
              "path": "/nix/store/j70s703d38bn6add2p2p25a3f83165hc-git-2.44.0-debug"
            },
            {
              "name": "doc",
              "path": "/nix/store/j5yibz61kd0kwnglkkvs87km4fjwpahs-git-2.44.0-doc"
            }
          ],
          "store_path": "/nix/store/3y08c4f6nkzz6q4hd3rrm21sdqygm1ha-git-2.44.0"
        },
        "x86_64-darwin": {
          "outputs": [
            {
              "name": "out",
              "path": "/nix/store/f2rq8zm0069750ph9vi5x4vvcqgvb3cx-git-2.44.0",
              "default": true
            },
            {
              "name": "doc",
              "path": "/nix/store/p2lm2wp2w0q7mpsw6hj0gk4c2dc099fk-git-2.44.0-doc"
            }
          ],
          "store_path": "/nix/store/f2rq8zm0069750ph9vi5x4vvcqgvb3cx-git-2.44.0"
        },
        "x86_64-linux": {
          "outputs": [
            {
              "name": "out",
              "path": "/nix/store/bd0dcc9qzpfz5xfz7fm6cwf7q64cyfhi-git-2.44.0",
              "default": true
            },
            {
              "name": "debug",
              "path": "/nix/store/vicxa5b1phkh342ns4zcabrjazpns4nx-git-2.44.0-debug"
            },
            {
              "name": "doc",
              "path": "/nix/store/wk2bxmca5vbri2r2sqay1yr70ppgw9pl-git-2.44.0-doc"
            }
          ],
          "store_path": "/nix/store/bd0dcc9qzpfz5xfz7fm6cwf7q64cyfhi-git-2.44.0"
        }
      }
    },
    "go-task@3.35.1": {
      "last_modified": "2024-03-22T11:26:23Z",
      "resolved": "github:NixOS/nixpkgs/a3ed7406349a9335cb4c2a71369b697cecd9d351#go-task",
      "source": "devbox-search",
      "version": "3.35.1",
      "systems": {
        "aarch64-darwin": {
          "outputs": [
            {
              "name": "out",
              "path": "/nix/store/8xlnzmvkpj03yw5xmsm6acz8w0rd3cr7-go-task-3.35.1",
              "default": true
            }
          ],
          "store_path": "/nix/store/8xlnzmvkpj03yw5xmsm6acz8w0rd3cr7-go-task-3.35.1"
        },
        "aarch64-linux": {
          "outputs": [
            {
              "name": "out",
              "path": "/nix/store/n0gjrdfrjj5pxirp3v6w9qdw3r8d076r-go-task-3.35.1",
              "default": true
            }
          ],
          "store_path": "/nix/store/n0gjrdfrjj5pxirp3v6w9qdw3r8d076r-go-task-3.35.1"
        },
        "x86_64-darwin": {
          "outputs": [
            {
              "name": "out",
              "path": "/nix/store/9a8myn2zjl17ws0h7pgw210mwvgd6dm8-go-task-3.35.1",
              "default": true
            }
          ],
          "store_path": "/nix/store/9a8myn2zjl17ws0h7pgw210mwvgd6dm8-go-task-3.35.1"
        },
        "x86_64-linux": {
          "outputs": [
            {
              "name": "out",
              "path": "/nix/store/1xb7vmm16bhlq12lk1q3fhkcypv2p9kb-go-task-3.35.1",
              "default": true
            }
          ],
          "store_path": "/nix/store/1xb7vmm16bhlq12lk1q3fhkcypv2p9kb-go-task-3.35.1"
        }
      }
    },
    "gomplate@3.11.7": {
      "last_modified": "2024-03-22T07:26:23-04:00",
      "resolved": "github:NixOS/nixpkgs/a3ed7406349a9335cb4c2a71369b697cecd9d351#gomplate",
      "source": "devbox-search",
      "version": "3.11.7",
      "systems": {
        "aarch64-darwin": {
          "outputs": [
            {
              "name": "out",
              "path": "/nix/store/0q5f69q896cxv0nm7w2zv4kr7qmgxl33-gomplate-3.11.7",
              "default": true
            }
          ],
          "store_path": "/nix/store/0q5f69q896cxv0nm7w2zv4kr7qmgxl33-gomplate-3.11.7"
        },
        "aarch64-linux": {
          "outputs": [
            {
              "name": "out",
              "path": "/nix/store/dwx86xs6w4k55s9h58jjqmwryhnbzmqp-gomplate-3.11.7",
              "default": true
            }
          ],
          "store_path": "/nix/store/dwx86xs6w4k55s9h58jjqmwryhnbzmqp-gomplate-3.11.7"
        },
        "x86_64-darwin": {
          "outputs": [
            {
              "name": "out",
              "path": "/nix/store/fiys7c3zw8r6469nfs369zkjiw34gb9p-gomplate-3.11.7",
              "default": true
            }
          ],
          "store_path": "/nix/store/fiys7c3zw8r6469nfs369zkjiw34gb9p-gomplate-3.11.7"
        },
        "x86_64-linux": {
          "outputs": [
            {
              "name": "out",
              "path": "/nix/store/hya29vsr9dmmxx8m05mip441qlfyyaq6-gomplate-3.11.7",
              "default": true
            }
          ],
          "store_path": "/nix/store/hya29vsr9dmmxx8m05mip441qlfyyaq6-gomplate-3.11.7"
        }
      }
    },
    "gum@0.13.0": {
      "last_modified": "2024-03-22T11:26:23Z",
      "resolved": "github:NixOS/nixpkgs/a3ed7406349a9335cb4c2a71369b697cecd9d351#gum",
      "source": "devbox-search",
      "version": "0.13.0",
      "systems": {
        "aarch64-darwin": {
          "outputs": [
            {
              "name": "out",
              "path": "/nix/store/pkwx5kixm21h68g82sqvlnpfyqb2ww3v-gum-0.13.0",
              "default": true
            }
          ],
          "store_path": "/nix/store/pkwx5kixm21h68g82sqvlnpfyqb2ww3v-gum-0.13.0"
        },
        "aarch64-linux": {
          "outputs": [
            {
              "name": "out",
              "path": "/nix/store/rr3d04j8wm792adpg4262sjicx2g6hsw-gum-0.13.0",
              "default": true
            }
          ],
          "store_path": "/nix/store/rr3d04j8wm792adpg4262sjicx2g6hsw-gum-0.13.0"
        },
        "x86_64-darwin": {
          "outputs": [
            {
              "name": "out",
              "path": "/nix/store/bsn0dk0v6rxjbqpxka0mqndv7zr7n00b-gum-0.13.0",
              "default": true
            }
          ],
          "store_path": "/nix/store/bsn0dk0v6rxjbqpxka0mqndv7zr7n00b-gum-0.13.0"
        },
        "x86_64-linux": {
          "outputs": [
            {
              "name": "out",
              "path": "/nix/store/vzx7fsr8y2137v1daxam19y303ddsl57-gum-0.13.0",
              "default": true
            }
          ],
          "store_path": "/nix/store/vzx7fsr8y2137v1daxam19y303ddsl57-gum-0.13.0"
        }
      }
    },
    "jq@1.7.1": {
      "last_modified": "2024-03-28T23:06:03-04:00",
      "resolved": "github:NixOS/nixpkgs/9b09bde6e3fc9493b6a8b2a5702ac87c66505c64#jq",
      "source": "devbox-search",
      "version": "1.7.1",
      "systems": {
        "aarch64-darwin": {
          "outputs": [
            {
              "name": "bin",
              "path": "/nix/store/59r06awlqdsw1fpvwcy2dg65l0g09vdp-jq-1.7.1-bin",
              "default": true
            },
            {
              "name": "man",
              "path": "/nix/store/glava1axlc7qkr875zikn3qncmrlmhvg-jq-1.7.1-man",
              "default": true
            },
            {
              "name": "out",
              "path": "/nix/store/y1dm44vipw95v8vihc57ia8zz5nnp94b-jq-1.7.1"
            },
            {
              "name": "dev",
              "path": "/nix/store/9zlf0mjahix97izdbr08ay50q4hg1l73-jq-1.7.1-dev"
            },
            {
              "name": "doc",
              "path": "/nix/store/wqwcldk42s8rn5b9h3pjc8836gl2qzng-jq-1.7.1-doc"
            },
            {
              "name": "lib",
              "path": "/nix/store/lsfivvi5k3kikzrbffcz18gcyi6fx2si-jq-1.7.1-lib"
            }
          ],
          "store_path": "/nix/store/59r06awlqdsw1fpvwcy2dg65l0g09vdp-jq-1.7.1-bin"
        },
        "aarch64-linux": {
          "outputs": [
            {
              "name": "bin",
              "path": "/nix/store/rajf5f3cf6qmr9jp2mwjikygl7hmfv4a-jq-1.7.1-bin",
              "default": true
            },
            {
              "name": "man",
              "path": "/nix/store/in1cd7zn58cwpb9czaa8wk0qhz1ssdk2-jq-1.7.1-man",
              "default": true
            },
            {
              "name": "dev",
              "path": "/nix/store/kjqca4symf704yi1zlgnhbj7njzhwwgd-jq-1.7.1-dev"
            },
            {
              "name": "doc",
              "path": "/nix/store/8ljizkqxmbmp78npap4as8vb7w5snkmk-jq-1.7.1-doc"
            },
            {
              "name": "lib",
              "path": "/nix/store/55mf8kxjcmrsip8ffpn75r3snm65gv0h-jq-1.7.1-lib"
            },
            {
              "name": "out",
              "path": "/nix/store/vwr1r5as7mh5za5rsrf8lcxpf8acvmsk-jq-1.7.1"
            }
          ],
          "store_path": "/nix/store/rajf5f3cf6qmr9jp2mwjikygl7hmfv4a-jq-1.7.1-bin"
        },
        "x86_64-darwin": {
          "outputs": [
            {
              "name": "bin",
              "path": "/nix/store/szlvc45yfk43b3dmn2ms01cw0yw5cih2-jq-1.7.1-bin",
              "default": true
            },
            {
              "name": "man",
              "path": "/nix/store/9h7zfkrqchgcchlw9yx6ngg1llw22da9-jq-1.7.1-man",
              "default": true
            },
            {
              "name": "out",
              "path": "/nix/store/vxssvrpyrm5ci3k030fsnqf01gkprz8x-jq-1.7.1"
            },
            {
              "name": "dev",
              "path": "/nix/store/5p38yscg4kqk5m08c2p5bni374r1qs5p-jq-1.7.1-dev"
            },
            {
              "name": "doc",
              "path": "/nix/store/gcc7ncsdppac15r45i376907f5320bna-jq-1.7.1-doc"
            },
            {
              "name": "lib",
              "path": "/nix/store/kqbix3pbjq5wjdhw3llbcjiv9kj1cvm2-jq-1.7.1-lib"
            }
          ],
          "store_path": "/nix/store/szlvc45yfk43b3dmn2ms01cw0yw5cih2-jq-1.7.1-bin"
        },
        "x86_64-linux": {
          "outputs": [
            {
              "name": "bin",
              "path": "/nix/store/1kql9l6sh9qwkfac720fl9a2d4lf78r3-jq-1.7.1-bin",
              "default": true
            },
            {
              "name": "man",
              "path": "/nix/store/dy82v8zpcrmkjhlxrq42jccjvnf8ljvr-jq-1.7.1-man",
              "default": true
            },
            {
              "name": "dev",
              "path": "/nix/store/8i4fdcf8g6c8wmav9kbyvrc6rbip55d6-jq-1.7.1-dev"
            },
            {
              "name": "doc",
              "path": "/nix/store/53fg9kn3ry6m71p1c7ghaci6zygisxfz-jq-1.7.1-doc"
            },
            {
              "name": "lib",
              "path": "/nix/store/qaggw36kdv2n7k6rivii9ylr8205yaqz-jq-1.7.1-lib"
            },
            {
              "name": "out",
              "path": "/nix/store/bgvg4yihsf8dgwk2g4mfi7k3gfsfxv4c-jq-1.7.1"
            }
          ],
          "store_path": "/nix/store/1kql9l6sh9qwkfac720fl9a2d4lf78r3-jq-1.7.1-bin"
        }
      }
    },
    "krew@0.4.4": {
      "last_modified": "2024-03-22T11:26:23Z",
      "resolved": "github:NixOS/nixpkgs/a3ed7406349a9335cb4c2a71369b697cecd9d351#krew",
      "source": "devbox-search",
      "version": "0.4.4",
      "systems": {
        "aarch64-darwin": {
          "outputs": [
            {
              "name": "out",
              "path": "/nix/store/fx798il1qz0h3d2hfddv2llfjzqhvnqm-krew-0.4.4",
              "default": true
            }
          ],
          "store_path": "/nix/store/fx798il1qz0h3d2hfddv2llfjzqhvnqm-krew-0.4.4"
        },
        "aarch64-linux": {
          "outputs": [
            {
              "name": "out",
              "path": "/nix/store/xwmn99ryhx405phx0sm5vj081l6rghs0-krew-0.4.4",
              "default": true
            }
          ],
          "store_path": "/nix/store/xwmn99ryhx405phx0sm5vj081l6rghs0-krew-0.4.4"
        },
        "x86_64-darwin": {
          "outputs": [
            {
              "name": "out",
              "path": "/nix/store/q37wa4r44wgv4ak8naz5g5rg2vjdzwlv-krew-0.4.4",
              "default": true
            }
          ],
          "store_path": "/nix/store/q37wa4r44wgv4ak8naz5g5rg2vjdzwlv-krew-0.4.4"
        },
        "x86_64-linux": {
          "outputs": [
            {
              "name": "out",
              "path": "/nix/store/yg4ifd24n54qxcf3ch76w3jxlssbzvhr-krew-0.4.4",
              "default": true
            }
          ],
          "store_path": "/nix/store/yg4ifd24n54qxcf3ch76w3jxlssbzvhr-krew-0.4.4"
        }
      }
    },
    "kubectl@1.29.3": {
      "last_modified": "2024-03-22T11:26:23Z",
      "resolved": "github:NixOS/nixpkgs/a3ed7406349a9335cb4c2a71369b697cecd9d351#kubectl",
      "source": "devbox-search",
      "version": "1.29.3",
      "systems": {
        "aarch64-darwin": {
          "outputs": [
            {
              "name": "out",
              "path": "/nix/store/la4hrwhgy434f3y3qrapffjsc330gi9g-kubectl-1.29.3",
              "default": true
            },
            {
              "name": "man",
              "path": "/nix/store/z27px1zgfy0iyca6iiv4x7jmqw1mqmqs-kubectl-1.29.3-man",
              "default": true
            },
            {
              "name": "convert",
              "path": "/nix/store/ns4wcsjkzzidiimxiv5si5mhqhxksqp7-kubectl-1.29.3-convert"
            }
          ],
          "store_path": "/nix/store/la4hrwhgy434f3y3qrapffjsc330gi9g-kubectl-1.29.3"
        },
        "aarch64-linux": {
          "outputs": [
            {
              "name": "out",
              "path": "/nix/store/j138rcn5m64qd4qvnnrnk0qbkc67w95b-kubectl-1.29.3",
              "default": true
            },
            {
              "name": "man",
              "path": "/nix/store/rbcalzmyvkhgwf2zxjw6j0al1vciccrh-kubectl-1.29.3-man",
              "default": true
            },
            {
              "name": "convert",
              "path": "/nix/store/acbp07cn2wy7xrsir402bqx71hrvb9w9-kubectl-1.29.3-convert"
            }
          ],
          "store_path": "/nix/store/j138rcn5m64qd4qvnnrnk0qbkc67w95b-kubectl-1.29.3"
        },
        "x86_64-darwin": {
          "outputs": [
            {
              "name": "out",
              "path": "/nix/store/jclvx3km8dr03cikgm4n1rx5ai5zvy5n-kubectl-1.29.3",
              "default": true
            },
            {
              "name": "man",
              "path": "/nix/store/w0x2wbvimf9s46i9hqbh61dz0kf5a1cg-kubectl-1.29.3-man",
              "default": true
            },
            {
              "name": "convert",
              "path": "/nix/store/190m16nhp9jm4rkpy15i6d9khf3ibdb9-kubectl-1.29.3-convert"
            }
          ],
          "store_path": "/nix/store/jclvx3km8dr03cikgm4n1rx5ai5zvy5n-kubectl-1.29.3"
        },
        "x86_64-linux": {
          "outputs": [
            {
              "name": "out",
              "path": "/nix/store/q01ksybv8bynfk2rwjiqpbqxasjnj3rw-kubectl-1.29.3",
              "default": true
            },
            {
              "name": "man",
              "path": "/nix/store/hfv8hjg3ymrr3fv1z4ffm6kbxc7r53bl-kubectl-1.29.3-man",
              "default": true
            },
            {
              "name": "convert",
              "path": "/nix/store/jwwf2lqbrm099fs5v153y9cjvba13kb0-kubectl-1.29.3-convert"
            }
          ],
          "store_path": "/nix/store/q01ksybv8bynfk2rwjiqpbqxasjnj3rw-kubectl-1.29.3"
        }
      }
    },
    "kubectx@0.9.5": {
      "last_modified": "2024-03-22T11:26:23Z",
      "resolved": "github:NixOS/nixpkgs/a3ed7406349a9335cb4c2a71369b697cecd9d351#kubectx",
      "source": "devbox-search",
      "version": "0.9.5",
      "systems": {
        "aarch64-darwin": {
          "outputs": [
            {
              "name": "out",
              "path": "/nix/store/zr1bs9yi86qxpny8m7p6ia2llbi3p5fg-kubectx-0.9.5",
              "default": true
            }
          ],
          "store_path": "/nix/store/zr1bs9yi86qxpny8m7p6ia2llbi3p5fg-kubectx-0.9.5"
        },
        "aarch64-linux": {
          "outputs": [
            {
              "name": "out",
              "path": "/nix/store/4dy4lhwsvkkigvwcjvf823nnmfng243x-kubectx-0.9.5",
              "default": true
            }
          ],
          "store_path": "/nix/store/4dy4lhwsvkkigvwcjvf823nnmfng243x-kubectx-0.9.5"
        },
        "x86_64-darwin": {
          "outputs": [
            {
              "name": "out",
              "path": "/nix/store/m0i62m7hvig5fndip8h11gcvnk29a592-kubectx-0.9.5",
              "default": true
            }
          ],
          "store_path": "/nix/store/m0i62m7hvig5fndip8h11gcvnk29a592-kubectx-0.9.5"
        },
        "x86_64-linux": {
          "outputs": [
            {
              "name": "out",
              "path": "/nix/store/k2mnf0c342jn01bridrvd681nkvvg0a7-kubectx-0.9.5",
              "default": true
            }
          ],
          "store_path": "/nix/store/k2mnf0c342jn01bridrvd681nkvvg0a7-kubectx-0.9.5"
        }
      }
    },
    "kubernetes-helm@3.14.3": {
      "last_modified": "2024-03-22T11:26:23Z",
      "resolved": "github:NixOS/nixpkgs/a3ed7406349a9335cb4c2a71369b697cecd9d351#kubernetes-helm",
      "source": "devbox-search",
      "version": "3.14.3",
      "systems": {
        "aarch64-darwin": {
          "outputs": [
            {
              "name": "out",
              "path": "/nix/store/nbz58p0ak92q3hqp39mfrvhj33svh3k4-kubernetes-helm-3.14.3",
              "default": true
            }
          ],
          "store_path": "/nix/store/nbz58p0ak92q3hqp39mfrvhj33svh3k4-kubernetes-helm-3.14.3"
        },
        "aarch64-linux": {
          "outputs": [
            {
              "name": "out",
              "path": "/nix/store/1f9184lbcv55mj1sqrrf022r8ln49kpz-kubernetes-helm-3.14.3",
              "default": true
            }
          ],
          "store_path": "/nix/store/1f9184lbcv55mj1sqrrf022r8ln49kpz-kubernetes-helm-3.14.3"
        },
        "x86_64-darwin": {
          "outputs": [
            {
              "name": "out",
              "path": "/nix/store/f2v22pzmbfypqlrniragqbkxmrkk3j4h-kubernetes-helm-3.14.3",
              "default": true
            }
          ],
          "store_path": "/nix/store/f2v22pzmbfypqlrniragqbkxmrkk3j4h-kubernetes-helm-3.14.3"
        },
        "x86_64-linux": {
          "outputs": [
            {
              "name": "out",
              "path": "/nix/store/0vf3gsyjrkxrkwygi3igidd4hzab8iq9-kubernetes-helm-3.14.3",
              "default": true
            }
          ],
          "store_path": "/nix/store/0vf3gsyjrkxrkwygi3igidd4hzab8iq9-kubernetes-helm-3.14.3"
        }
      }
    },
    "opentofu@1.6.2": {
      "last_modified": "2024-03-22T11:26:23Z",
      "resolved": "github:NixOS/nixpkgs/a3ed7406349a9335cb4c2a71369b697cecd9d351#opentofu",
      "source": "devbox-search",
      "version": "1.6.2",
      "systems": {
        "aarch64-darwin": {
          "outputs": [
            {
              "name": "out",
              "path": "/nix/store/a725i5mqvp5hlk3k5fq68ay2ayx61w6d-opentofu-1.6.2",
              "default": true
            }
          ],
          "store_path": "/nix/store/a725i5mqvp5hlk3k5fq68ay2ayx61w6d-opentofu-1.6.2"
        },
        "aarch64-linux": {
          "outputs": [
            {
              "name": "out",
              "path": "/nix/store/2ri08nfs23109y9z8n6wsb9bhnl29xv8-opentofu-1.6.2",
              "default": true
            }
          ],
          "store_path": "/nix/store/2ri08nfs23109y9z8n6wsb9bhnl29xv8-opentofu-1.6.2"
        },
        "x86_64-darwin": {
          "outputs": [
            {
              "name": "out",
              "path": "/nix/store/wpvvh149rmasi5cz9vnfgnsf1q2n79jc-opentofu-1.6.2",
              "default": true
            }
          ],
          "store_path": "/nix/store/wpvvh149rmasi5cz9vnfgnsf1q2n79jc-opentofu-1.6.2"
        },
        "x86_64-linux": {
          "outputs": [
            {
              "name": "out",
              "path": "/nix/store/yq171kkbva74kaly9rqlphqb1bk6p1n8-opentofu-1.6.2",
              "default": true
            }
          ],
          "store_path": "/nix/store/yq171kkbva74kaly9rqlphqb1bk6p1n8-opentofu-1.6.2"
        }
      }
    },
    "sops@3.8.1": {
      "last_modified": "2024-03-22T11:26:23Z",
      "resolved": "github:NixOS/nixpkgs/a3ed7406349a9335cb4c2a71369b697cecd9d351#sops",
      "source": "devbox-search",
      "version": "3.8.1",
      "systems": {
        "aarch64-darwin": {
          "outputs": [
            {
              "name": "out",
              "path": "/nix/store/d9bvhclpr3av5b790klyhnapgbj6x5cx-sops-3.8.1",
              "default": true
            }
          ],
          "store_path": "/nix/store/d9bvhclpr3av5b790klyhnapgbj6x5cx-sops-3.8.1"
        },
        "aarch64-linux": {
          "outputs": [
            {
              "name": "out",
              "path": "/nix/store/8w97lsn22svxclgsjzkp468igz7klqn2-sops-3.8.1",
              "default": true
            }
          ],
          "store_path": "/nix/store/8w97lsn22svxclgsjzkp468igz7klqn2-sops-3.8.1"
        },
        "x86_64-darwin": {
          "outputs": [
            {
              "name": "out",
              "path": "/nix/store/wkdjfpinv60bwfk9r1yabdifsvcl36lq-sops-3.8.1",
              "default": true
            }
          ],
          "store_path": "/nix/store/wkdjfpinv60bwfk9r1yabdifsvcl36lq-sops-3.8.1"
        },
        "x86_64-linux": {
          "outputs": [
            {
              "name": "out",
              "path": "/nix/store/nhjh5xzs1dbik2pra3hcrfhsf0lrlxb2-sops-3.8.1",
              "default": true
            }
          ],
          "store_path": "/nix/store/nhjh5xzs1dbik2pra3hcrfhsf0lrlxb2-sops-3.8.1"
        }
      }
    },
    "stern@1.28.0": {
      "last_modified": "2024-03-22T11:26:23Z",
      "resolved": "github:NixOS/nixpkgs/a3ed7406349a9335cb4c2a71369b697cecd9d351#stern",
      "source": "devbox-search",
      "version": "1.28.0",
      "systems": {
        "aarch64-darwin": {
          "outputs": [
            {
              "name": "out",
              "path": "/nix/store/v843kvqzsb22r6g5ql3l8zya1f575bng-stern-1.28.0",
              "default": true
            }
          ],
          "store_path": "/nix/store/v843kvqzsb22r6g5ql3l8zya1f575bng-stern-1.28.0"
        },
        "aarch64-linux": {
          "outputs": [
            {
              "name": "out",
              "path": "/nix/store/fsx7nr0wknq6h3n0xidrm7jb57f4hsdp-stern-1.28.0",
              "default": true
            }
          ],
          "store_path": "/nix/store/fsx7nr0wknq6h3n0xidrm7jb57f4hsdp-stern-1.28.0"
        },
        "x86_64-darwin": {
          "outputs": [
            {
              "name": "out",
              "path": "/nix/store/gxv1fqwcjsv85y9kckj3navr7nl16ah2-stern-1.28.0",
              "default": true
            }
          ],
          "store_path": "/nix/store/gxv1fqwcjsv85y9kckj3navr7nl16ah2-stern-1.28.0"
        },
        "x86_64-linux": {
          "outputs": [
            {
              "name": "out",
              "path": "/nix/store/nlrjh49ya33q5pbnay8ngrbsgy4c5bqa-stern-1.28.0",
              "default": true
            }
          ],
          "store_path": "/nix/store/nlrjh49ya33q5pbnay8ngrbsgy4c5bqa-stern-1.28.0"
        }
      }
    },
    "yq-go@4.43.1": {
      "last_modified": "2024-03-25T12:46:37Z",
      "resolved": "github:NixOS/nixpkgs/c726225724e681b3626acc941c6f95d2b0602087#yq-go",
      "source": "devbox-search",
      "version": "4.43.1",
      "systems": {
        "aarch64-darwin": {
          "outputs": [
            {
              "name": "out",
              "path": "/nix/store/5gqzwfbar2vc82j77flg7i1d8agmcc7y-yq-go-4.43.1",
              "default": true
            }
          ],
          "store_path": "/nix/store/5gqzwfbar2vc82j77flg7i1d8agmcc7y-yq-go-4.43.1"
        },
        "aarch64-linux": {
          "outputs": [
            {
              "name": "out",
              "path": "/nix/store/bjja1d662jrqr0lssas0jp9cynj9adzp-yq-go-4.43.1",
              "default": true
            }
          ],
          "store_path": "/nix/store/bjja1d662jrqr0lssas0jp9cynj9adzp-yq-go-4.43.1"
        },
        "x86_64-darwin": {
          "outputs": [
            {
              "name": "out",
              "path": "/nix/store/bqv6m9lccbvspgmypalx0xx7d1yqhf82-yq-go-4.43.1",
              "default": true
            }
          ],
          "store_path": "/nix/store/bqv6m9lccbvspgmypalx0xx7d1yqhf82-yq-go-4.43.1"
        },
        "x86_64-linux": {
          "outputs": [
            {
              "name": "out",
              "path": "/nix/store/3gwba964ilfwxnhlqv8wwp8yc1wskxr2-yq-go-4.43.1",
              "default": true
            }
          ],
          "store_path": "/nix/store/3gwba964ilfwxnhlqv8wwp8yc1wskxr2-yq-go-4.43.1"
        }
      }
    }
  }
}
